
Microsoft Visual Studio Solution File, Format Version 12.00
# Visual Studio 15
VisualStudioVersion = 15.0.25928.0
MinimumVisualStudioVersion = 10.0.40219.1
Project("{2150E333-8FDC-42A3-9474-1A3956D46DE8}") = "src", "src", "{F90C2BA1-530F-4B36-82EE-F45021293EEB}"
EndProject
Project("{FAE04EC0-301F-11D3-BF4B-00C04F79EFBC}") = "LoginServer", "src\LoginServer\LoginServer.csproj", "{CD001D57-8B93-41A4-8867-74F6E66E54F3}"
EndProject
Global
	GlobalSection(SolutionConfigurationPlatforms) = preSolution
		Debug|Any CPU = Debug|Any CPU
		Release|Any CPU = Release|Any CPU
	EndGlobalSection
	GlobalSection(ProjectConfigurationPlatforms) = postSolution
		{CD001D57-8B93-41A4-8867-74F6E66E54F3}.Debug|Any CPU.ActiveCfg = Debug|Any CPU
		{CD001D57-8B93-41A4-8867-74F6E66E54F3}.Debug|Any CPU.Build.0 = Debug|Any CPU
		{CD001D57-8B93-41A4-8867-74F6E66E54F3}.Release|Any CPU.ActiveCfg = Debug|Any CPU
		{CD001D57-8B93-41A4-8867-74F6E66E54F3}.Release|Any CPU.Build.0 = Debug|Any CPU
	EndGlobalSection
	GlobalSection(SolutionProperties) = preSolution
		HideSolutionNode = FALSE
	EndGlobalSection
	GlobalSection(NestedProjects) = preSolution
		{CD001D57-8B93-41A4-8867-74F6E66E54F3} = {F90C2BA1-530F-4B36-82EE-F45021293EEB}
	EndGlobalSection
EndGlobal
